// !$*UTF8*$!
{
	archiveVersion = 1;
	classes = {
	};
	objectVersion = 55;
	objects = {

/* Begin PBXBuildFile section */
		6380EF8728A77AD700DF9C17 /* AppDelegate.swift in Sources */ = {isa = PBXBuildFile; fileRef = 6380EF8628A77AD700DF9C17 /* AppDelegate.swift */; };
		6380EF8928A77AD700DF9C17 /* SceneDelegate.swift in Sources */ = {isa = PBXBuildFile; fileRef = 6380EF8828A77AD700DF9C17 /* SceneDelegate.swift */; };
		6380EF8B28A77AD700DF9C17 /* ViewController.swift in Sources */ = {isa = PBXBuildFile; fileRef = 6380EF8A28A77AD700DF9C17 /* ViewController.swift */; };
		6380EF8E28A77AD700DF9C17 /* Main.storyboard in Resources */ = {isa = PBXBuildFile; fileRef = 6380EF8C28A77AD700DF9C17 /* Main.storyboard */; };
		6380EF9028A77AD900DF9C17 /* Assets.xcassets in Resources */ = {isa = PBXBuildFile; fileRef = 6380EF8F28A77AD900DF9C17 /* Assets.xcassets */; };
		6380EF9328A77AD900DF9C17 /* LaunchScreen.storyboard in Resources */ = {isa = PBXBuildFile; fileRef = 6380EF9128A77AD900DF9C17 /* LaunchScreen.storyboard */; };
		6380EF9B28A77B6400DF9C17 /* ReuseableProtocol.swift in Sources */ = {isa = PBXBuildFile; fileRef = 6380EF9A28A77B6400DF9C17 /* ReuseableProtocol.swift */; };
		6380EFA028A77C6400DF9C17 /* .gitignore in Resources */ = {isa = PBXBuildFile; fileRef = 6380EF9F28A77C6400DF9C17 /* .gitignore */; };
		6380EFA228A77C7A00DF9C17 /* APIKey.swift in Sources */ = {isa = PBXBuildFile; fileRef = 6380EFA128A77C7A00DF9C17 /* APIKey.swift */; };
		6380EFA428A77CD700DF9C17 /* APIManager.swift in Sources */ = {isa = PBXBuildFile; fileRef = 6380EFA328A77CD700DF9C17 /* APIManager.swift */; };
		6380EFA728A7866F00DF9C17 /* WeatherInfoTableViewCell.swift in Sources */ = {isa = PBXBuildFile; fileRef = 6380EFA628A7866F00DF9C17 /* WeatherInfoTableViewCell.swift */; };
		6380EFA928A7867900DF9C17 /* WeatherIconTableViewCell.swift in Sources */ = {isa = PBXBuildFile; fileRef = 6380EFA828A7867900DF9C17 /* WeatherIconTableViewCell.swift */; };
		6380EFAC28A7951200DF9C17 /* Alamofire in Frameworks */ = {isa = PBXBuildFile; productRef = 6380EFAB28A7951200DF9C17 /* Alamofire */; };
		6380EFAF28A7951C00DF9C17 /* SwiftyJSON in Frameworks */ = {isa = PBXBuildFile; productRef = 6380EFAE28A7951C00DF9C17 /* SwiftyJSON */; };
		6380EFB228A7952700DF9C17 /* Kingfisher in Frameworks */ = {isa = PBXBuildFile; productRef = 6380EFB128A7952700DF9C17 /* Kingfisher */; };
		63B930AD28A92BE3002F75EC /* WeatherInfo.swift in Sources */ = {isa = PBXBuildFile; fileRef = 63B930AC28A92BE3002F75EC /* WeatherInfo.swift */; };
/* End PBXBuildFile section */

/* Begin PBXFileReference section */
		6380EF8328A77AD700DF9C17 /* Weather.app */ = {isa = PBXFileReference; explicitFileType = wrapper.application; includeInIndex = 0; path = Weather.app; sourceTree = BUILT_PRODUCTS_DIR; };
		6380EF8628A77AD700DF9C17 /* AppDelegate.swift */ = {isa = PBXFileReference; lastKnownFileType = sourcecode.swift; path = AppDelegate.swift; sourceTree = "<group>"; };
		6380EF8828A77AD700DF9C17 /* SceneDelegate.swift */ = {isa = PBXFileReference; lastKnownFileType = sourcecode.swift; path = SceneDelegate.swift; sourceTree = "<group>"; };
		6380EF8A28A77AD700DF9C17 /* ViewController.swift */ = {isa = PBXFileReference; lastKnownFileType = sourcecode.swift; path = ViewController.swift; sourceTree = "<group>"; };
		6380EF8D28A77AD700DF9C17 /* Base */ = {isa = PBXFileReference; lastKnownFileType = file.storyboard; name = Base; path = Base.lproj/Main.storyboard; sourceTree = "<group>"; };
		6380EF8F28A77AD900DF9C17 /* Assets.xcassets */ = {isa = PBXFileReference; lastKnownFileType = folder.assetcatalog; path = Assets.xcassets; sourceTree = "<group>"; };
		6380EF9228A77AD900DF9C17 /* Base */ = {isa = PBXFileReference; lastKnownFileType = file.storyboard; name = Base; path = Base.lproj/LaunchScreen.storyboard; sourceTree = "<group>"; };
		6380EF9428A77AD900DF9C17 /* Info.plist */ = {isa = PBXFileReference; lastKnownFileType = text.plist.xml; path = Info.plist; sourceTree = "<group>"; };
		6380EF9A28A77B6400DF9C17 /* ReuseableProtocol.swift */ = {isa = PBXFileReference; lastKnownFileType = sourcecode.swift; path = ReuseableProtocol.swift; sourceTree = "<group>"; };
		6380EF9F28A77C6400DF9C17 /* .gitignore */ = {isa = PBXFileReference; lastKnownFileType = text; path = .gitignore; sourceTree = "<group>"; };
		6380EFA128A77C7A00DF9C17 /* APIKey.swift */ = {isa = PBXFileReference; lastKnownFileType = sourcecode.swift; path = APIKey.swift; sourceTree = "<group>"; };
		6380EFA328A77CD700DF9C17 /* APIManager.swift */ = {isa = PBXFileReference; lastKnownFileType = sourcecode.swift; path = APIManager.swift; sourceTree = "<group>"; };
		6380EFA628A7866F00DF9C17 /* WeatherInfoTableViewCell.swift */ = {isa = PBXFileReference; lastKnownFileType = sourcecode.swift; path = WeatherInfoTableViewCell.swift; sourceTree = "<group>"; };
		6380EFA828A7867900DF9C17 /* WeatherIconTableViewCell.swift */ = {isa = PBXFileReference; lastKnownFileType = sourcecode.swift; path = WeatherIconTableViewCell.swift; sourceTree = "<group>"; };
		63B930AC28A92BE3002F75EC /* WeatherInfo.swift */ = {isa = PBXFileReference; lastKnownFileType = sourcecode.swift; path = WeatherInfo.swift; sourceTree = "<group>"; };
/* End PBXFileReference section */

/* Begin PBXFrameworksBuildPhase section */
		6380EF8028A77AD700DF9C17 /* Frameworks */ = {
			isa = PBXFrameworksBuildPhase;
			buildActionMask = 2147483647;
			files = (
				6380EFB228A7952700DF9C17 /* Kingfisher in Frameworks */,
				6380EFAF28A7951C00DF9C17 /* SwiftyJSON in Frameworks */,
				6380EFAC28A7951200DF9C17 /* Alamofire in Frameworks */,
			);
			runOnlyForDeploymentPostprocessing = 0;
		};
/* End PBXFrameworksBuildPhase section */

/* Begin PBXGroup section */
		6380EF7A28A77AD700DF9C17 = {
			isa = PBXGroup;
			children = (
				6380EF9F28A77C6400DF9C17 /* .gitignore */,
				6380EF8528A77AD700DF9C17 /* Weather */,
				6380EF8428A77AD700DF9C17 /* Products */,
			);
			sourceTree = "<group>";
		};
		6380EF8428A77AD700DF9C17 /* Products */ = {
			isa = PBXGroup;
			children = (
				6380EF8328A77AD700DF9C17 /* Weather.app */,
			);
			name = Products;
			sourceTree = "<group>";
		};
		6380EF8528A77AD700DF9C17 /* Weather */ = {
			isa = PBXGroup;
			children = (
				6380EFA528A77CDF00DF9C17 /* Resource */,
				6380EF9C28A77B6700DF9C17 /* Protocol */,
				63B930AC28A92BE3002F75EC /* WeatherInfo.swift */,
				6380EF8628A77AD700DF9C17 /* AppDelegate.swift */,
				6380EF8828A77AD700DF9C17 /* SceneDelegate.swift */,
				6380EF8A28A77AD700DF9C17 /* ViewController.swift */,
				6380EF8C28A77AD700DF9C17 /* Main.storyboard */,
				6380EFA628A7866F00DF9C17 /* WeatherInfoTableViewCell.swift */,
				6380EFA828A7867900DF9C17 /* WeatherIconTableViewCell.swift */,
				6380EF8F28A77AD900DF9C17 /* Assets.xcassets */,
				6380EF9128A77AD900DF9C17 /* LaunchScreen.storyboard */,
				6380EF9428A77AD900DF9C17 /* Info.plist */,
			);
			path = Weather;
			sourceTree = "<group>";
		};
		6380EF9C28A77B6700DF9C17 /* Protocol */ = {
			isa = PBXGroup;
			children = (
				6380EF9A28A77B6400DF9C17 /* ReuseableProtocol.swift */,
			);
			path = Protocol;
			sourceTree = "<group>";
		};
		6380EFA528A77CDF00DF9C17 /* Resource */ = {
			isa = PBXGroup;
			children = (
				6380EFA128A77C7A00DF9C17 /* APIKey.swift */,
				6380EFA328A77CD700DF9C17 /* APIManager.swift */,
			);
			path = Resource;
			sourceTree = "<group>";
		};
/* End PBXGroup section */

/* Begin PBXNativeTarget section */
		6380EF8228A77AD700DF9C17 /* Weather */ = {
			isa = PBXNativeTarget;
			buildConfigurationList = 6380EF9728A77AD900DF9C17 /* Build configuration list for PBXNativeTarget "Weather" */;
			buildPhases = (
				6380EF7F28A77AD700DF9C17 /* Sources */,
				6380EF8028A77AD700DF9C17 /* Frameworks */,
				6380EF8128A77AD700DF9C17 /* Resources */,
			);
			buildRules = (
			);
			dependencies = (
			);
			name = Weather;
			packageProductDependencies = (
				6380EFAB28A7951200DF9C17 /* Alamofire */,
				6380EFAE28A7951C00DF9C17 /* SwiftyJSON */,
				6380EFB128A7952700DF9C17 /* Kingfisher */,
			);
			productName = Weather;
			productReference = 6380EF8328A77AD700DF9C17 /* Weather.app */;
			productType = "com.apple.product-type.application";
		};
/* End PBXNativeTarget section */

/* Begin PBXProject section */
		6380EF7B28A77AD700DF9C17 /* Project object */ = {
			isa = PBXProject;
			attributes = {
				BuildIndependentTargetsInParallel = 1;
				LastSwiftUpdateCheck = 1340;
				LastUpgradeCheck = 1340;
				TargetAttributes = {
					6380EF8228A77AD700DF9C17 = {
						CreatedOnToolsVersion = 13.4.1;
					};
				};
			};
			buildConfigurationList = 6380EF7E28A77AD700DF9C17 /* Build configuration list for PBXProject "Weather" */;
			compatibilityVersion = "Xcode 13.0";
			developmentRegion = en;
			hasScannedForEncodings = 0;
			knownRegions = (
				en,
				Base,
			);
			mainGroup = 6380EF7A28A77AD700DF9C17;
			packageReferences = (
				6380EFAA28A7951200DF9C17 /* XCRemoteSwiftPackageReference "Alamofire" */,
				6380EFAD28A7951C00DF9C17 /* XCRemoteSwiftPackageReference "SwiftyJSON" */,
				6380EFB028A7952700DF9C17 /* XCRemoteSwiftPackageReference "Kingfisher" */,
			);
			productRefGroup = 6380EF8428A77AD700DF9C17 /* Products */;
			projectDirPath = "";
			projectRoot = "";
			targets = (
				6380EF8228A77AD700DF9C17 /* Weather */,
			);
		};
/* End PBXProject section */

/* Begin PBXResourcesBuildPhase section */
		6380EF8128A77AD700DF9C17 /* Resources */ = {
			isa = PBXResourcesBuildPhase;
			buildActionMask = 2147483647;
			files = (
				6380EFA028A77C6400DF9C17 /* .gitignore in Resources */,
				6380EF9328A77AD900DF9C17 /* LaunchScreen.storyboard in Resources */,
				6380EF9028A77AD900DF9C17 /* Assets.xcassets in Resources */,
				6380EF8E28A77AD700DF9C17 /* Main.storyboard in Resources */,
			);
			runOnlyForDeploymentPostprocessing = 0;
		};
/* End PBXResourcesBuildPhase section */

/* Begin PBXSourcesBuildPhase section */
		6380EF7F28A77AD700DF9C17 /* Sources */ = {
			isa = PBXSourcesBuildPhase;
			buildActionMask = 2147483647;
			files = (
				6380EFA428A77CD700DF9C17 /* APIManager.swift in Sources */,
				6380EF9B28A77B6400DF9C17 /* ReuseableProtocol.swift in Sources */,
				6380EF8B28A77AD700DF9C17 /* ViewController.swift in Sources */,
				6380EF8728A77AD700DF9C17 /* AppDelegate.swift in Sources */,
				6380EF8928A77AD700DF9C17 /* SceneDelegate.swift in Sources */,
				6380EFA928A7867900DF9C17 /* WeatherIconTableViewCell.swift in Sources */,
				6380EFA228A77C7A00DF9C17 /* APIKey.swift in Sources */,
				6380EFA728A7866F00DF9C17 /* WeatherInfoTableViewCell.swift in Sources */,
				63B930AD28A92BE3002F75EC /* WeatherInfo.swift in Sources */,
			);
			runOnlyForDeploymentPostprocessing = 0;
		};
/* End PBXSourcesBuildPhase section */

/* Begin PBXVariantGroup section */
		6380EF8C28A77AD700DF9C17 /* Main.storyboard */ = {
			isa = PBXVariantGroup;
			children = (
				6380EF8D28A77AD700DF9C17 /* Base */,
			);
			name = Main.storyboard;
			sourceTree = "<group>";
		};
		6380EF9128A77AD900DF9C17 /* LaunchScreen.storyboard */ = {
			isa = PBXVariantGroup;
			children = (
				6380EF9228A77AD900DF9C17 /* Base */,
			);
			name = LaunchScreen.storyboard;
			sourceTree = "<group>";
		};
/* End PBXVariantGroup section */

/* Begin XCBuildConfiguration section */
		6380EF9528A77AD900DF9C17 /* Debug */ = {
			isa = XCBuildConfiguration;
			buildSettings = {
				ALWAYS_SEARCH_USER_PATHS = NO;
				CLANG_ANALYZER_NONNULL = YES;
				CLANG_ANALYZER_NUMBER_OBJECT_CONVERSION = YES_AGGRESSIVE;
				CLANG_CXX_LANGUAGE_STANDARD = "gnu++17";
				CLANG_ENABLE_MODULES = YES;
				CLANG_ENABLE_OBJC_ARC = YES;
				CLANG_ENABLE_OBJC_WEAK = YES;
				CLANG_WARN_BLOCK_CAPTURE_AUTORELEASING = YES;
				CLANG_WARN_BOOL_CONVERSION = YES;
				CLANG_WARN_COMMA = YES;
				CLANG_WARN_CONSTANT_CONVERSION = YES;
				CLANG_WARN_DEPRECATED_OBJC_IMPLEMENTATIONS = YES;
				CLANG_WARN_DIRECT_OBJC_ISA_USAGE = YES_ERROR;
				CLANG_WARN_DOCUMENTATION_COMMENTS = YES;
				CLANG_WARN_EMPTY_BODY = YES;
				CLANG_WARN_ENUM_CONVERSION = YES;
				CLANG_WARN_INFINITE_RECURSION = YES;
				CLANG_WARN_INT_CONVERSION = YES;
				CLANG_WARN_NON_LITERAL_NULL_CONVERSION = YES;
				CLANG_WARN_OBJC_IMPLICIT_RETAIN_SELF = YES;
				CLANG_WARN_OBJC_LITERAL_CONVERSION = YES;
				CLANG_WARN_OBJC_ROOT_CLASS = YES_ERROR;
				CLANG_WARN_QUOTED_INCLUDE_IN_FRAMEWORK_HEADER = YES;
				CLANG_WARN_RANGE_LOOP_ANALYSIS = YES;
				CLANG_WARN_STRICT_PROTOTYPES = YES;
				CLANG_WARN_SUSPICIOUS_MOVE = YES;
				CLANG_WARN_UNGUARDED_AVAILABILITY = YES_AGGRESSIVE;
				CLANG_WARN_UNREACHABLE_CODE = YES;
				CLANG_WARN__DUPLICATE_METHOD_MATCH = YES;
				COPY_PHASE_STRIP = NO;
				DEBUG_INFORMATION_FORMAT = dwarf;
				ENABLE_STRICT_OBJC_MSGSEND = YES;
				ENABLE_TESTABILITY = YES;
				GCC_C_LANGUAGE_STANDARD = gnu11;
				GCC_DYNAMIC_NO_PIC = NO;
				GCC_NO_COMMON_BLOCKS = YES;
				GCC_OPTIMIZATION_LEVEL = 0;
				GCC_PREPROCESSOR_DEFINITIONS = (
					"DEBUG=1",
					"$(inherited)",
				);
				GCC_WARN_64_TO_32_BIT_CONVERSION = YES;
				GCC_WARN_ABOUT_RETURN_TYPE = YES_ERROR;
				GCC_WARN_UNDECLARED_SELECTOR = YES;
				GCC_WARN_UNINITIALIZED_AUTOS = YES_AGGRESSIVE;
				GCC_WARN_UNUSED_FUNCTION = YES;
				GCC_WARN_UNUSED_VARIABLE = YES;
				IPHONEOS_DEPLOYMENT_TARGET = 15.5;
				MTL_ENABLE_DEBUG_INFO = INCLUDE_SOURCE;
				MTL_FAST_MATH = YES;
				ONLY_ACTIVE_ARCH = YES;
				SDKROOT = iphoneos;
				SWIFT_ACTIVE_COMPILATION_CONDITIONS = DEBUG;
				SWIFT_OPTIMIZATION_LEVEL = "-Onone";
			};
			name = Debug;
		};
		6380EF9628A77AD900DF9C17 /* Release */ = {
			isa = XCBuildConfiguration;
			buildSettings = {
				ALWAYS_SEARCH_USER_PATHS = NO;
				CLANG_ANALYZER_NONNULL = YES;
				CLANG_ANALYZER_NUMBER_OBJECT_CONVERSION = YES_AGGRESSIVE;
				CLANG_CXX_LANGUAGE_STANDARD = "gnu++17";
				CLANG_ENABLE_MODULES = YES;
				CLANG_ENABLE_OBJC_ARC = YES;
				CLANG_ENABLE_OBJC_WEAK = YES;
				CLANG_WARN_BLOCK_CAPTURE_AUTORELEASING = YES;
				CLANG_WARN_BOOL_CONVERSION = YES;
				CLANG_WARN_COMMA = YES;
				CLANG_WARN_CONSTANT_CONVERSION = YES;
				CLANG_WARN_DEPRECATED_OBJC_IMPLEMENTATIONS = YES;
				CLANG_WARN_DIRECT_OBJC_ISA_USAGE = YES_ERROR;
				CLANG_WARN_DOCUMENTATION_COMMENTS = YES;
				CLANG_WARN_EMPTY_BODY = YES;
				CLANG_WARN_ENUM_CONVERSION = YES;
				CLANG_WARN_INFINITE_RECURSION = YES;
				CLANG_WARN_INT_CONVERSION = YES;
				CLANG_WARN_NON_LITERAL_NULL_CONVERSION = YES;
				CLANG_WARN_OBJC_IMPLICIT_RETAIN_SELF = YES;
				CLANG_WARN_OBJC_LITERAL_CONVERSION = YES;
				CLANG_WARN_OBJC_ROOT_CLASS = YES_ERROR;
				CLANG_WARN_QUOTED_INCLUDE_IN_FRAMEWORK_HEADER = YES;
				CLANG_WARN_RANGE_LOOP_ANALYSIS = YES;
				CLANG_WARN_STRICT_PROTOTYPES = YES;
				CLANG_WARN_SUSPICIOUS_MOVE = YES;
				CLANG_WARN_UNGUARDED_AVAILABILITY = YES_AGGRESSIVE;
				CLANG_WARN_UNREACHABLE_CODE = YES;
				CLANG_WARN__DUPLICATE_METHOD_MATCH = YES;
				COPY_PHASE_STRIP = NO;
				DEBUG_INFORMATION_FORMAT = "dwarf-with-dsym";
				ENABLE_NS_ASSERTIONS = NO;
				ENABLE_STRICT_OBJC_MSGSEND = YES;
				GCC_C_LANGUAGE_STANDARD = gnu11;
				GCC_NO_COMMON_BLOCKS = YES;
				GCC_WARN_64_TO_32_BIT_CONVERSION = YES;
				GCC_WARN_ABOUT_RETURN_TYPE = YES_ERROR;
				GCC_WARN_UNDECLARED_SELECTOR = YES;
				GCC_WARN_UNINITIALIZED_AUTOS = YES_AGGRESSIVE;
				GCC_WARN_UNUSED_FUNCTION = YES;
				GCC_WARN_UNUSED_VARIABLE = YES;
				IPHONEOS_DEPLOYMENT_TARGET = 15.5;
				MTL_ENABLE_DEBUG_INFO = NO;
				MTL_FAST_MATH = YES;
				SDKROOT = iphoneos;
				SWIFT_COMPILATION_MODE = wholemodule;
				SWIFT_OPTIMIZATION_LEVEL = "-O";
				VALIDATE_PRODUCT = YES;
			};
			name = Release;
		};
		6380EF9828A77AD900DF9C17 /* Debug */ = {
			isa = XCBuildConfiguration;
			buildSettings = {
				ASSETCATALOG_COMPILER_APPICON_NAME = AppIcon;
				ASSETCATALOG_COMPILER_GLOBAL_ACCENT_COLOR_NAME = AccentColor;
				CODE_SIGN_STYLE = Automatic;
				CURRENT_PROJECT_VERSION = 1;
				DEVELOPMENT_TEAM = QV329P6X5G;
				GENERATE_INFOPLIST_FILE = YES;
				INFOPLIST_FILE = Weather/Info.plist;
				INFOPLIST_KEY_UIApplicationSupportsIndirectInputEvents = YES;
				INFOPLIST_KEY_UILaunchStoryboardName = LaunchScreen;
				INFOPLIST_KEY_UIMainStoryboardFile = Main;
				INFOPLIST_KEY_UISupportedInterfaceOrientations = UIInterfaceOrientationPortrait;
				INFOPLIST_KEY_UISupportedInterfaceOrientations_iPad = "UIInterfaceOrientationPortrait UIInterfaceOrientationPortraitUpsideDown UIInterfaceOrientationLandscapeLeft UIInterfaceOrientationLandscapeRight";
				INFOPLIST_KEY_UISupportedInterfaceOrientations_iPhone = UIInterfaceOrientationPortrait;
				LD_RUNPATH_SEARCH_PATHS = (
					"$(inherited)",
					"@executable_path/Frameworks",
				);
				MARKETING_VERSION = 1.0;
				PRODUCT_BUNDLE_IDENTIFIER = com.jj.Weather;
				PRODUCT_NAME = "$(TARGET_NAME)";
				SWIFT_EMIT_LOC_STRINGS = YES;
				SWIFT_VERSION = 5.0;
				TARGETED_DEVICE_FAMILY = 1;
			};
			name = Debug;
		};
		6380EF9928A77AD900DF9C17 /* Release */ = {
			isa = XCBuildConfiguration;
			buildSettings = {
				ASSETCATALOG_COMPILER_APPICON_NAME = AppIcon;
				ASSETCATALOG_COMPILER_GLOBAL_ACCENT_COLOR_NAME = AccentColor;
				CODE_SIGN_STYLE = Automatic;
				CURRENT_PROJECT_VERSION = 1;
				DEVELOPMENT_TEAM = QV329P6X5G;
				GENERATE_INFOPLIST_FILE = YES;
				INFOPLIST_FILE = Weather/Info.plist;
				INFOPLIST_KEY_UIApplicationSupportsIndirectInputEvents = YES;
				INFOPLIST_KEY_UILaunchStoryboardName = LaunchScreen;
				INFOPLIST_KEY_UIMainStoryboardFile = Main;
				INFOPLIST_KEY_UISupportedInterfaceOrientations = UIInterfaceOrientationPortrait;
				INFOPLIST_KEY_UISupportedInterfaceOrientations_iPad = "UIInterfaceOrientationPortrait UIInterfaceOrientationPortraitUpsideDown UIInterfaceOrientationLandscapeLeft UIInterfaceOrientationLandscapeRight";
				INFOPLIST_KEY_UISupportedInterfaceOrientations_iPhone = UIInterfaceOrientationPortrait;
				LD_RUNPATH_SEARCH_PATHS = (
					"$(inherited)",
					"@executable_path/Frameworks",
				);
				MARKETING_VERSION = 1.0;
				PRODUCT_BUNDLE_IDENTIFIER = com.jj.Weather;
				PRODUCT_NAME = "$(TARGET_NAME)";
				SWIFT_EMIT_LOC_STRINGS = YES;
				SWIFT_VERSION = 5.0;
				TARGETED_DEVICE_FAMILY = 1;
			};
			name = Release;
		};
/* End XCBuildConfiguration section */

/* Begin XCConfigurationList section */
		6380EF7E28A77AD700DF9C17 /* Build configuration list for PBXProject "Weather" */ = {
			isa = XCConfigurationList;
			buildConfigurations = (
				6380EF9528A77AD900DF9C17 /* Debug */,
				6380EF9628A77AD900DF9C17 /* Release */,
			);
			defaultConfigurationIsVisible = 0;
			defaultConfigurationName = Release;
		};
		6380EF9728A77AD900DF9C17 /* Build configuration list for PBXNativeTarget "Weather" */ = {
			isa = XCConfigurationList;
			buildConfigurations = (
				6380EF9828A77AD900DF9C17 /* Debug */,
				6380EF9928A77AD900DF9C17 /* Release */,
			);
			defaultConfigurationIsVisible = 0;
			defaultConfigurationName = Release;
		};
/* End XCConfigurationList section */

/* Begin XCRemoteSwiftPackageReference section */
		6380EFAA28A7951200DF9C17 /* XCRemoteSwiftPackageReference "Alamofire" */ = {
			isa = XCRemoteSwiftPackageReference;
			repositoryURL = "https://github.com/Alamofire/Alamofire.git";
			requirement = {
				kind = upToNextMajorVersion;
				minimumVersion = 5.0.0;
			};
		};
		6380EFAD28A7951C00DF9C17 /* XCRemoteSwiftPackageReference "SwiftyJSON" */ = {
			isa = XCRemoteSwiftPackageReference;
			repositoryURL = "https://github.com/SwiftyJSON/SwiftyJSON.git";
			requirement = {
				kind = upToNextMajorVersion;
				minimumVersion = 5.0.0;
			};
		};
		6380EFB028A7952700DF9C17 /* XCRemoteSwiftPackageReference "Kingfisher" */ = {
			isa = XCRemoteSwiftPackageReference;
			repositoryURL = "https://github.com/onevcat/Kingfisher.git";
			requirement = {
				kind = upToNextMajorVersion;
				minimumVersion = 7.0.0;
			};
		};
/* End XCRemoteSwiftPackageReference section */

/* Begin XCSwiftPackageProductDependency section */
		6380EFAB28A7951200DF9C17 /* Alamofire */ = {
			isa = XCSwiftPackageProductDependency;
			package = 6380EFAA28A7951200DF9C17 /* XCRemoteSwiftPackageReference "Alamofire" */;
			productName = Alamofire;
		};
		6380EFAE28A7951C00DF9C17 /* SwiftyJSON */ = {
			isa = XCSwiftPackageProductDependency;
			package = 6380EFAD28A7951C00DF9C17 /* XCRemoteSwiftPackageReference "SwiftyJSON" */;
			productName = SwiftyJSON;
		};
		6380EFB128A7952700DF9C17 /* Kingfisher */ = {
			isa = XCSwiftPackageProductDependency;
			package = 6380EFB028A7952700DF9C17 /* XCRemoteSwiftPackageReference "Kingfisher" */;
			productName = Kingfisher;
		};
/* End XCSwiftPackageProductDependency section */
	};
	rootObject = 6380EF7B28A77AD700DF9C17 /* Project object */;
}
